
Microsoft Visual Studio Solution File, Format Version 12.00
# Visual Studio 15
VisualStudioVersion = 15.0.27428.2037
MinimumVisualStudioVersion = 10.0.40219.1
Project("{FAE04EC0-301F-11D3-BF4B-00C04F79EFBC}") = "PrimesBelow2Million", "PrimesBelow2Million\PrimesBelow2Million.csproj", "{22611BE2-59A2-49FB-A008-9C48C9AFBE50}"
EndProject
Global
	GlobalSection(SolutionConfigurationPlatforms) = preSolution
		Debug|Any CPU = Debug|Any CPU
		Release|Any CPU = Release|Any CPU
	EndGlobalSection
	GlobalSection(ProjectConfigurationPlatforms) = postSolution
		{22611BE2-59A2-49FB-A008-9C48C9AFBE50}.Debug|Any CPU.ActiveCfg = Debug|Any CPU
		{22611BE2-59A2-49FB-A008-9C48C9AFBE50}.Debug|Any CPU.Build.0 = Debug|Any CPU
		{22611BE2-59A2-49FB-A008-9C48C9AFBE50}.Release|Any CPU.ActiveCfg = Release|Any CPU
		{22611BE2-59A2-49FB-A008-9C48C9AFBE50}.Release|Any CPU.Build.0 = Release|Any CPU
	EndGlobalSection
	GlobalSection(SolutionProperties) = preSolution
		HideSolutionNode = FALSE
	EndGlobalSection
	GlobalSection(ExtensibilityGlobals) = postSolution
		SolutionGuid = {F93631A1-1C38-4191-A5D5-7DEE928AC964}
	EndGlobalSection
EndGlobal
